
Microsoft Visual Studio Solution File, Format Version 12.00
# Visual Studio Version 17
VisualStudioVersion = 17.1.32120.378
MinimumVisualStudioVersion = 10.0.40219.1
Project("{9A19103F-16F7-4668-BE54-9A1E7A4F7556}") = "SignalR.API", "SignalR.API\SignalR.API.csproj", "{C3CC8374-D3BB-49E1-A6C4-7FBA50CB90B4}"
EndProject
Project("{FAE04EC0-301F-11D3-BF4B-00C04F79EFBC}") = "SignalR.WEB", "SignalR.WEB\SignalR.WEB.csproj", "{D28F86A3-9966-4CA0-9F1B-127815A7A270}"
EndProject
Global
	GlobalSection(SolutionConfigurationPlatforms) = preSolution
		Debug|Any CPU = Debug|Any CPU
		Release|Any CPU = Release|Any CPU
	EndGlobalSection
	GlobalSection(ProjectConfigurationPlatforms) = postSolution
		{C3CC8374-D3BB-49E1-A6C4-7FBA50CB90B4}.Debug|Any CPU.ActiveCfg = Debug|Any CPU
		{C3CC8374-D3BB-49E1-A6C4-7FBA50CB90B4}.Debug|Any CPU.Build.0 = Debug|Any CPU
		{C3CC8374-D3BB-49E1-A6C4-7FBA50CB90B4}.Release|Any CPU.ActiveCfg = Release|Any CPU
		{C3CC8374-D3BB-49E1-A6C4-7FBA50CB90B4}.Release|Any CPU.Build.0 = Release|Any CPU
		{D28F86A3-9966-4CA0-9F1B-127815A7A270}.Debug|Any CPU.ActiveCfg = Debug|Any CPU
		{D28F86A3-9966-4CA0-9F1B-127815A7A270}.Debug|Any CPU.Build.0 = Debug|Any CPU
		{D28F86A3-9966-4CA0-9F1B-127815A7A270}.Release|Any CPU.ActiveCfg = Release|Any CPU
		{D28F86A3-9966-4CA0-9F1B-127815A7A270}.Release|Any CPU.Build.0 = Release|Any CPU
	EndGlobalSection
	GlobalSection(SolutionProperties) = preSolution
		HideSolutionNode = FALSE
	EndGlobalSection
	GlobalSection(ExtensibilityGlobals) = postSolution
		SolutionGuid = {89343B5F-AF1F-4C76-8BF4-E74BC50B1DDA}
	EndGlobalSection
EndGlobal
